
Microsoft Visual Studio Solution File, Format Version 12.00
# Visual Studio Version 16
VisualStudioVersion = 16.0.31229.75
MinimumVisualStudioVersion = 10.0.40219.1
Project("{9A19103F-16F7-4668-BE54-9A1E7A4F7556}") = "DatabaseExtended.Tests", "DatabaseExtended.Tests.csproj", "{225B6C72-FC76-4582-B755-988BC71E7754}"
EndProject
Project("{9A19103F-16F7-4668-BE54-9A1E7A4F7556}") = "DatabaseExtended", "..\DatabaseExtended\DatabaseExtended.csproj", "{9C800957-9460-4667-8755-5E1308784E4F}"
EndProject
Global
	GlobalSection(SolutionConfigurationPlatforms) = preSolution
		Debug|Any CPU = Debug|Any CPU
		Release|Any CPU = Release|Any CPU
	EndGlobalSection
	GlobalSection(ProjectConfigurationPlatforms) = postSolution
		{225B6C72-FC76-4582-B755-988BC71E7754}.Debug|Any CPU.ActiveCfg = Debug|Any CPU
		{225B6C72-FC76-4582-B755-988BC71E7754}.Debug|Any CPU.Build.0 = Debug|Any CPU
		{225B6C72-FC76-4582-B755-988BC71E7754}.Release|Any CPU.ActiveCfg = Release|Any CPU
		{225B6C72-FC76-4582-B755-988BC71E7754}.Release|Any CPU.Build.0 = Release|Any CPU
		{9C800957-9460-4667-8755-5E1308784E4F}.Debug|Any CPU.ActiveCfg = Debug|Any CPU
		{9C800957-9460-4667-8755-5E1308784E4F}.Debug|Any CPU.Build.0 = Debug|Any CPU
		{9C800957-9460-4667-8755-5E1308784E4F}.Release|Any CPU.ActiveCfg = Release|Any CPU
		{9C800957-9460-4667-8755-5E1308784E4F}.Release|Any CPU.Build.0 = Release|Any CPU
	EndGlobalSection
	GlobalSection(SolutionProperties) = preSolution
		HideSolutionNode = FALSE
	EndGlobalSection
	GlobalSection(ExtensibilityGlobals) = postSolution
		SolutionGuid = {C470B925-F46D-43EF-BC45-D1E4CFB42F59}
	EndGlobalSection
EndGlobal
